
Microsoft Visual Studio Solution File, Format Version 12.00
# Visual Studio Version 17
VisualStudioVersion = 17.4.33213.308
MinimumVisualStudioVersion = 10.0.40219.1
Project("{FAE04EC0-301F-11D3-BF4B-00C04F79EFBC}") = "Sales.API", "Sales.API\Sales.API.csproj", "{3A559A5B-E634-4556-9825-5926B5555BAE}"
EndProject
Project("{FAE04EC0-301F-11D3-BF4B-00C04F79EFBC}") = "Sales.WEB", "Sales.WEB\Sales.WEB.csproj", "{0D4E50A1-0A64-4A9C-A11F-16F1F96D2878}"
EndProject
Project("{FAE04EC0-301F-11D3-BF4B-00C04F79EFBC}") = "Sales.Shared", "Sales.Shared\Sales.Shared.csproj", "{48699998-89EA-473B-BA86-C11F766753F2}"
EndProject
Global
	GlobalSection(SolutionConfigurationPlatforms) = preSolution
		Debug|Any CPU = Debug|Any CPU
		Release|Any CPU = Release|Any CPU
	EndGlobalSection
	GlobalSection(ProjectConfigurationPlatforms) = postSolution
		{3A559A5B-E634-4556-9825-5926B5555BAE}.Debug|Any CPU.ActiveCfg = Debug|Any CPU
		{3A559A5B-E634-4556-9825-5926B5555BAE}.Debug|Any CPU.Build.0 = Debug|Any CPU
		{3A559A5B-E634-4556-9825-5926B5555BAE}.Release|Any CPU.ActiveCfg = Release|Any CPU
		{3A559A5B-E634-4556-9825-5926B5555BAE}.Release|Any CPU.Build.0 = Release|Any CPU
		{0D4E50A1-0A64-4A9C-A11F-16F1F96D2878}.Debug|Any CPU.ActiveCfg = Debug|Any CPU
		{0D4E50A1-0A64-4A9C-A11F-16F1F96D2878}.Debug|Any CPU.Build.0 = Debug|Any CPU
		{0D4E50A1-0A64-4A9C-A11F-16F1F96D2878}.Release|Any CPU.ActiveCfg = Release|Any CPU
		{0D4E50A1-0A64-4A9C-A11F-16F1F96D2878}.Release|Any CPU.Build.0 = Release|Any CPU
		{48699998-89EA-473B-BA86-C11F766753F2}.Debug|Any CPU.ActiveCfg = Debug|Any CPU
		{48699998-89EA-473B-BA86-C11F766753F2}.Debug|Any CPU.Build.0 = Debug|Any CPU
		{48699998-89EA-473B-BA86-C11F766753F2}.Release|Any CPU.ActiveCfg = Release|Any CPU
		{48699998-89EA-473B-BA86-C11F766753F2}.Release|Any CPU.Build.0 = Release|Any CPU
	EndGlobalSection
	GlobalSection(SolutionProperties) = preSolution
		HideSolutionNode = FALSE
	EndGlobalSection
	GlobalSection(ExtensibilityGlobals) = postSolution
		SolutionGuid = {C495DA53-F862-4149-B3D9-6B0785EBB993}
	EndGlobalSection
EndGlobal
